
Microsoft Visual Studio Solution File, Format Version 12.00
# Visual Studio Version 17
VisualStudioVersion = 17.8.34309.116
MinimumVisualStudioVersion = 10.0.40219.1
Project("{FAE04EC0-301F-11D3-BF4B-00C04F79EFBC}") = "API", "API\API.csproj", "{94E5C90B-E86D-4C6E-BD62-A0EE11D33AB5}"
EndProject
Global
	GlobalSection(SolutionConfigurationPlatforms) = preSolution
		Debug|Any CPU = Debug|Any CPU
		Release|Any CPU = Release|Any CPU
	EndGlobalSection
	GlobalSection(ProjectConfigurationPlatforms) = postSolution
		{94E5C90B-E86D-4C6E-BD62-A0EE11D33AB5}.Debug|Any CPU.ActiveCfg = Debug|Any CPU
		{94E5C90B-E86D-4C6E-BD62-A0EE11D33AB5}.Debug|Any CPU.Build.0 = Debug|Any CPU
		{94E5C90B-E86D-4C6E-BD62-A0EE11D33AB5}.Release|Any CPU.ActiveCfg = Release|Any CPU
		{94E5C90B-E86D-4C6E-BD62-A0EE11D33AB5}.Release|Any CPU.Build.0 = Release|Any CPU
	EndGlobalSection
	GlobalSection(SolutionProperties) = preSolution
		HideSolutionNode = FALSE
	EndGlobalSection
	GlobalSection(ExtensibilityGlobals) = postSolution
		SolutionGuid = {0217B7CE-5509-42FD-AB8E-A9AF9097451A}
	EndGlobalSection
EndGlobal
